
Microsoft Visual Studio Solution File, Format Version 12.00
# Visual Studio 15
VisualStudioVersion = 15.0.27428.2037
MinimumVisualStudioVersion = 10.0.40219.1
Project("{FAE04EC0-301F-11D3-BF4B-00C04F79EFBC}") = "5-MessageContracts", "5-MessageContracts\5-MessageContracts.csproj", "{5920664C-46C2-4BC0-8D6B-27E63CE17C4E}"
EndProject
Project("{FAE04EC0-301F-11D3-BF4B-00C04F79EFBC}") = "Hoster", "Hoster\Hoster.csproj", "{32F983C8-94FA-4973-8C0F-F2EB6EFF0234}"
EndProject
Project("{FAE04EC0-301F-11D3-BF4B-00C04F79EFBC}") = "WebClient", "WebClient\WebClient.csproj", "{09CA6B63-D67C-43CD-B021-01063EB12EDB}"
EndProject
Global
	GlobalSection(SolutionConfigurationPlatforms) = preSolution
		Debug|Any CPU = Debug|Any CPU
		Release|Any CPU = Release|Any CPU
	EndGlobalSection
	GlobalSection(ProjectConfigurationPlatforms) = postSolution
		{5920664C-46C2-4BC0-8D6B-27E63CE17C4E}.Debug|Any CPU.ActiveCfg = Debug|Any CPU
		{5920664C-46C2-4BC0-8D6B-27E63CE17C4E}.Debug|Any CPU.Build.0 = Debug|Any CPU
		{5920664C-46C2-4BC0-8D6B-27E63CE17C4E}.Release|Any CPU.ActiveCfg = Release|Any CPU
		{5920664C-46C2-4BC0-8D6B-27E63CE17C4E}.Release|Any CPU.Build.0 = Release|Any CPU
		{32F983C8-94FA-4973-8C0F-F2EB6EFF0234}.Debug|Any CPU.ActiveCfg = Debug|Any CPU
		{32F983C8-94FA-4973-8C0F-F2EB6EFF0234}.Debug|Any CPU.Build.0 = Debug|Any CPU
		{32F983C8-94FA-4973-8C0F-F2EB6EFF0234}.Release|Any CPU.ActiveCfg = Release|Any CPU
		{32F983C8-94FA-4973-8C0F-F2EB6EFF0234}.Release|Any CPU.Build.0 = Release|Any CPU
		{09CA6B63-D67C-43CD-B021-01063EB12EDB}.Debug|Any CPU.ActiveCfg = Debug|Any CPU
		{09CA6B63-D67C-43CD-B021-01063EB12EDB}.Debug|Any CPU.Build.0 = Debug|Any CPU
		{09CA6B63-D67C-43CD-B021-01063EB12EDB}.Release|Any CPU.ActiveCfg = Release|Any CPU
		{09CA6B63-D67C-43CD-B021-01063EB12EDB}.Release|Any CPU.Build.0 = Release|Any CPU
	EndGlobalSection
	GlobalSection(SolutionProperties) = preSolution
		HideSolutionNode = FALSE
	EndGlobalSection
	GlobalSection(ExtensibilityGlobals) = postSolution
		SolutionGuid = {E72D8542-5CE0-45D3-BE95-8668232C5DDD}
	EndGlobalSection
EndGlobal
