
Microsoft Visual Studio Solution File, Format Version 12.00
# Visual Studio 2013
VisualStudioVersion = 12.0.31101.0
MinimumVisualStudioVersion = 10.0.40219.1
Project("{FAE04EC0-301F-11D3-BF4B-00C04F79EFBC}") = "1-WcfServiceIntro", "1-WcfServiceIntro\1-WcfServiceIntro.csproj", "{248F01F8-7ECA-4DCE-8E93-0848420DA30F}"
EndProject
Project("{FAE04EC0-301F-11D3-BF4B-00C04F79EFBC}") = "ClinetApp", "ClinetApp\ClinetApp.csproj", "{FB275968-961B-4615-BC2E-765DA7E71999}"
	ProjectSection(ProjectDependencies) = postProject
		{248F01F8-7ECA-4DCE-8E93-0848420DA30F} = {248F01F8-7ECA-4DCE-8E93-0848420DA30F}
	EndProjectSection
EndProject
Global
	GlobalSection(SolutionConfigurationPlatforms) = preSolution
		Debug|Any CPU = Debug|Any CPU
		Release|Any CPU = Release|Any CPU
	EndGlobalSection
	GlobalSection(ProjectConfigurationPlatforms) = postSolution
		{248F01F8-7ECA-4DCE-8E93-0848420DA30F}.Debug|Any CPU.ActiveCfg = Debug|Any CPU
		{248F01F8-7ECA-4DCE-8E93-0848420DA30F}.Debug|Any CPU.Build.0 = Debug|Any CPU
		{248F01F8-7ECA-4DCE-8E93-0848420DA30F}.Release|Any CPU.ActiveCfg = Release|Any CPU
		{248F01F8-7ECA-4DCE-8E93-0848420DA30F}.Release|Any CPU.Build.0 = Release|Any CPU
		{FB275968-961B-4615-BC2E-765DA7E71999}.Debug|Any CPU.ActiveCfg = Debug|Any CPU
		{FB275968-961B-4615-BC2E-765DA7E71999}.Debug|Any CPU.Build.0 = Debug|Any CPU
		{FB275968-961B-4615-BC2E-765DA7E71999}.Release|Any CPU.ActiveCfg = Release|Any CPU
		{FB275968-961B-4615-BC2E-765DA7E71999}.Release|Any CPU.Build.0 = Release|Any CPU
	EndGlobalSection
	GlobalSection(SolutionProperties) = preSolution
		HideSolutionNode = FALSE
	EndGlobalSection
EndGlobal
